// !$*UTF8*$!
{
	archiveVersion = 1;
	classes = {
	};
	objectVersion = 50;
	objects = {

/* Begin PBXBuildFile section */
		AFA4019A211883F0005AAA2B /* AppDelegate.swift in Sources */ = {isa = PBXBuildFile; fileRef = AFA40199211883F0005AAA2B /* AppDelegate.swift */; };
		AFA4019C211883F0005AAA2B /* ViewController.swift in Sources */ = {isa = PBXBuildFile; fileRef = AFA4019B211883F0005AAA2B /* ViewController.swift */; };
		AFA4019F211883F0005AAA2B /* Main.storyboard in Resources */ = {isa = PBXBuildFile; fileRef = AFA4019D211883F0005AAA2B /* Main.storyboard */; };
		AFA401A1211883F1005AAA2B /* Assets.xcassets in Resources */ = {isa = PBXBuildFile; fileRef = AFA401A0211883F1005AAA2B /* Assets.xcassets */; };
		AFA401A4211883F1005AAA2B /* LaunchScreen.storyboard in Resources */ = {isa = PBXBuildFile; fileRef = AFA401A2211883F1005AAA2B /* LaunchScreen.storyboard */; };
		AFA401AF211883F1005AAA2B /* appTests.swift in Sources */ = {isa = PBXBuildFile; fileRef = AFA401AE211883F1005AAA2B /* appTests.swift */; };
		AFA401BA211883F1005AAA2B /* appUITests.swift in Sources */ = {isa = PBXBuildFile; fileRef = AFA401B9211883F1005AAA2B /* appUITests.swift */; };
		AFA401C821188E0F005AAA2B /* ResultViewController.swift in Sources */ = {isa = PBXBuildFile; fileRef = AFA401C721188E0F005AAA2B /* ResultViewController.swift */; };
/* End PBXBuildFile section */

/* Begin PBXContainerItemProxy section */
		AFA401AB211883F1005AAA2B /* PBXContainerItemProxy */ = {
			isa = PBXContainerItemProxy;
			containerPortal = AFA4018E211883F0005AAA2B /* Project object */;
			proxyType = 1;
			remoteGlobalIDString = AFA40195211883F0005AAA2B;
			remoteInfo = app;
		};
		AFA401B6211883F1005AAA2B /* PBXContainerItemProxy */ = {
			isa = PBXContainerItemProxy;
			containerPortal = AFA4018E211883F0005AAA2B /* Project object */;
			proxyType = 1;
			remoteGlobalIDString = AFA40195211883F0005AAA2B;
			remoteInfo = app;
		};
/* End PBXContainerItemProxy section */

/* Begin PBXFileReference section */
		AFA40196211883F0005AAA2B /* app.app */ = {isa = PBXFileReference; explicitFileType = wrapper.application; includeInIndex = 0; path = app.app; sourceTree = BUILT_PRODUCTS_DIR; };
		AFA40199211883F0005AAA2B /* AppDelegate.swift */ = {isa = PBXFileReference; lastKnownFileType = sourcecode.swift; path = AppDelegate.swift; sourceTree = "<group>"; };
		AFA4019B211883F0005AAA2B /* ViewController.swift */ = {isa = PBXFileReference; lastKnownFileType = sourcecode.swift; path = ViewController.swift; sourceTree = "<group>"; };
		AFA4019E211883F0005AAA2B /* Base */ = {isa = PBXFileReference; lastKnownFileType = file.storyboard; name = Base; path = Base.lproj/Main.storyboard; sourceTree = "<group>"; };
		AFA401A0211883F1005AAA2B /* Assets.xcassets */ = {isa = PBXFileReference; lastKnownFileType = folder.assetcatalog; path = Assets.xcassets; sourceTree = "<group>"; };
		AFA401A3211883F1005AAA2B /* Base */ = {isa = PBXFileReference; lastKnownFileType = file.storyboard; name = Base; path = Base.lproj/LaunchScreen.storyboard; sourceTree = "<group>"; };
		AFA401A5211883F1005AAA2B /* Info.plist */ = {isa = PBXFileReference; lastKnownFileType = text.plist.xml; path = Info.plist; sourceTree = "<group>"; };
		AFA401AA211883F1005AAA2B /* appTests.xctest */ = {isa = PBXFileReference; explicitFileType = wrapper.cfbundle; includeInIndex = 0; path = appTests.xctest; sourceTree = BUILT_PRODUCTS_DIR; };
		AFA401AE211883F1005AAA2B /* appTests.swift */ = {isa = PBXFileReference; lastKnownFileType = sourcecode.swift; path = appTests.swift; sourceTree = "<group>"; };
		AFA401B0211883F1005AAA2B /* Info.plist */ = {isa = PBXFileReference; lastKnownFileType = text.plist.xml; path = Info.plist; sourceTree = "<group>"; };
		AFA401B5211883F1005AAA2B /* appUITests.xctest */ = {isa = PBXFileReference; explicitFileType = wrapper.cfbundle; includeInIndex = 0; path = appUITests.xctest; sourceTree = BUILT_PRODUCTS_DIR; };
		AFA401B9211883F1005AAA2B /* appUITests.swift */ = {isa = PBXFileReference; lastKnownFileType = sourcecode.swift; path = appUITests.swift; sourceTree = "<group>"; };
		AFA401BB211883F1005AAA2B /* Info.plist */ = {isa = PBXFileReference; lastKnownFileType = text.plist.xml; path = Info.plist; sourceTree = "<group>"; };
		AFA401C721188E0F005AAA2B /* ResultViewController.swift */ = {isa = PBXFileReference; lastKnownFileType = sourcecode.swift; path = ResultViewController.swift; sourceTree = "<group>"; };
/* End PBXFileReference section */

/* Begin PBXFrameworksBuildPhase section */
		AFA40193211883F0005AAA2B /* Frameworks */ = {
			isa = PBXFrameworksBuildPhase;
			buildActionMask = 2147483647;
			files = (
			);
			runOnlyForDeploymentPostprocessing = 0;
		};
		AFA401A7211883F1005AAA2B /* Frameworks */ = {
			isa = PBXFrameworksBuildPhase;
			buildActionMask = 2147483647;
			files = (
			);
			runOnlyForDeploymentPostprocessing = 0;
		};
		AFA401B2211883F1005AAA2B /* Frameworks */ = {
			isa = PBXFrameworksBuildPhase;
			buildActionMask = 2147483647;
			files = (
			);
			runOnlyForDeploymentPostprocessing = 0;
		};
/* End PBXFrameworksBuildPhase section */

/* Begin PBXGroup section */
		AFA4018D211883F0005AAA2B = {
			isa = PBXGroup;
			children = (
				AFA40198211883F0005AAA2B /* app */,
				AFA401AD211883F1005AAA2B /* appTests */,
				AFA401B8211883F1005AAA2B /* appUITests */,
				AFA40197211883F0005AAA2B /* Products */,
			);
			sourceTree = "<group>";
		};
		AFA40197211883F0005AAA2B /* Products */ = {
			isa = PBXGroup;
			children = (
				AFA40196211883F0005AAA2B /* app.app */,
				AFA401AA211883F1005AAA2B /* appTests.xctest */,
				AFA401B5211883F1005AAA2B /* appUITests.xctest */,
			);
			name = Products;
			sourceTree = "<group>";
		};
		AFA40198211883F0005AAA2B /* app */ = {
			isa = PBXGroup;
			children = (
				AFA40199211883F0005AAA2B /* AppDelegate.swift */,
				AFA4019B211883F0005AAA2B /* ViewController.swift */,
				AFA401C721188E0F005AAA2B /* ResultViewController.swift */,
				AFA4019D211883F0005AAA2B /* Main.storyboard */,
				AFA401A0211883F1005AAA2B /* Assets.xcassets */,
				AFA401A2211883F1005AAA2B /* LaunchScreen.storyboard */,
				AFA401A5211883F1005AAA2B /* Info.plist */,
			);
			path = app;
			sourceTree = "<group>";
		};
		AFA401AD211883F1005AAA2B /* appTests */ = {
			isa = PBXGroup;
			children = (
				AFA401AE211883F1005AAA2B /* appTests.swift */,
				AFA401B0211883F1005AAA2B /* Info.plist */,
			);
			path = appTests;
			sourceTree = "<group>";
		};
		AFA401B8211883F1005AAA2B /* appUITests */ = {
			isa = PBXGroup;
			children = (
				AFA401B9211883F1005AAA2B /* appUITests.swift */,
				AFA401BB211883F1005AAA2B /* Info.plist */,
			);
			path = appUITests;
			sourceTree = "<group>";
		};
/* End PBXGroup section */

/* Begin PBXNativeTarget section */
		AFA40195211883F0005AAA2B /* app */ = {
			isa = PBXNativeTarget;
			buildConfigurationList = AFA401BE211883F1005AAA2B /* Build configuration list for PBXNativeTarget "app" */;
			buildPhases = (
				AFA40192211883F0005AAA2B /* Sources */,
				AFA40193211883F0005AAA2B /* Frameworks */,
				AFA40194211883F0005AAA2B /* Resources */,
			);
			buildRules = (
			);
			dependencies = (
			);
			name = app;
			productName = app;
			productReference = AFA40196211883F0005AAA2B /* app.app */;
			productType = "com.apple.product-type.application";
		};
		AFA401A9211883F1005AAA2B /* appTests */ = {
			isa = PBXNativeTarget;
			buildConfigurationList = AFA401C1211883F1005AAA2B /* Build configuration list for PBXNativeTarget "appTests" */;
			buildPhases = (
				AFA401A6211883F1005AAA2B /* Sources */,
				AFA401A7211883F1005AAA2B /* Frameworks */,
				AFA401A8211883F1005AAA2B /* Resources */,
			);
			buildRules = (
			);
			dependencies = (
				AFA401AC211883F1005AAA2B /* PBXTargetDependency */,
			);
			name = appTests;
			productName = appTests;
			productReference = AFA401AA211883F1005AAA2B /* appTests.xctest */;
			productType = "com.apple.product-type.bundle.unit-test";
		};
		AFA401B4211883F1005AAA2B /* appUITests */ = {
			isa = PBXNativeTarget;
			buildConfigurationList = AFA401C4211883F1005AAA2B /* Build configuration list for PBXNativeTarget "appUITests" */;
			buildPhases = (
				AFA401B1211883F1005AAA2B /* Sources */,
				AFA401B2211883F1005AAA2B /* Frameworks */,
				AFA401B3211883F1005AAA2B /* Resources */,
			);
			buildRules = (
			);
			dependencies = (
				AFA401B7211883F1005AAA2B /* PBXTargetDependency */,
			);
			name = appUITests;
			productName = appUITests;
			productReference = AFA401B5211883F1005AAA2B /* appUITests.xctest */;
			productType = "com.apple.product-type.bundle.ui-testing";
		};
/* End PBXNativeTarget section */

/* Begin PBXProject section */
		AFA4018E211883F0005AAA2B /* Project object */ = {
			isa = PBXProject;
			attributes = {
				LastSwiftUpdateCheck = 0940;
				LastUpgradeCheck = 0940;
				ORGANIZATIONNAME = yagisuke;
				TargetAttributes = {
					AFA40195211883F0005AAA2B = {
						CreatedOnToolsVersion = 9.4.1;
					};
					AFA401A9211883F1005AAA2B = {
						CreatedOnToolsVersion = 9.4.1;
						TestTargetID = AFA40195211883F0005AAA2B;
					};
					AFA401B4211883F1005AAA2B = {
						CreatedOnToolsVersion = 9.4.1;
						TestTargetID = AFA40195211883F0005AAA2B;
					};
				};
			};
			buildConfigurationList = AFA40191211883F0005AAA2B /* Build configuration list for PBXProject "app" */;
			compatibilityVersion = "Xcode 9.3";
			developmentRegion = en;
			hasScannedForEncodings = 0;
			knownRegions = (
				en,
				Base,
			);
			mainGroup = AFA4018D211883F0005AAA2B;
			productRefGroup = AFA40197211883F0005AAA2B /* Products */;
			projectDirPath = "";
			projectRoot = "";
			targets = (
				AFA40195211883F0005AAA2B /* app */,
				AFA401A9211883F1005AAA2B /* appTests */,
				AFA401B4211883F1005AAA2B /* appUITests */,
			);
		};
/* End PBXProject section */

/* Begin PBXResourcesBuildPhase section */
		AFA40194211883F0005AAA2B /* Resources */ = {
			isa = PBXResourcesBuildPhase;
			buildActionMask = 2147483647;
			files = (
				AFA401A4211883F1005AAA2B /* LaunchScreen.storyboard in Resources */,
				AFA401A1211883F1005AAA2B /* Assets.xcassets in Resources */,
				AFA4019F211883F0005AAA2B /* Main.storyboard in Resources */,
			);
			runOnlyForDeploymentPostprocessing = 0;
		};
		AFA401A8211883F1005AAA2B /* Resources */ = {
			isa = PBXResourcesBuildPhase;
			buildActionMask = 2147483647;
			files = (
			);
			runOnlyForDeploymentPostprocessing = 0;
		};
		AFA401B3211883F1005AAA2B /* Resources */ = {
			isa = PBXResourcesBuildPhase;
			buildActionMask = 2147483647;
			files = (
			);
			runOnlyForDeploymentPostprocessing = 0;
		};
/* End PBXResourcesBuildPhase section */

/* Begin PBXSourcesBuildPhase section */
		AFA40192211883F0005AAA2B /* Sources */ = {
			isa = PBXSourcesBuildPhase;
			buildActionMask = 2147483647;
			files = (
				AFA4019C211883F0005AAA2B /* ViewController.swift in Sources */,
				AFA4019A211883F0005AAA2B /* AppDelegate.swift in Sources */,
				AFA401C821188E0F005AAA2B /* ResultViewController.swift in Sources */,
			);
			runOnlyForDeploymentPostprocessing = 0;
		};
		AFA401A6211883F1005AAA2B /* Sources */ = {
			isa = PBXSourcesBuildPhase;
			buildActionMask = 2147483647;
			files = (
				AFA401AF211883F1005AAA2B /* appTests.swift in Sources */,
			);
			runOnlyForDeploymentPostprocessing = 0;
		};
		AFA401B1211883F1005AAA2B /* Sources */ = {
			isa = PBXSourcesBuildPhase;
			buildActionMask = 2147483647;
			files = (
				AFA401BA211883F1005AAA2B /* appUITests.swift in Sources */,
			);
			runOnlyForDeploymentPostprocessing = 0;
		};
/* End PBXSourcesBuildPhase section */

/* Begin PBXTargetDependency section */
		AFA401AC211883F1005AAA2B /* PBXTargetDependency */ = {
			isa = PBXTargetDependency;
			target = AFA40195211883F0005AAA2B /* app */;
			targetProxy = AFA401AB211883F1005AAA2B /* PBXContainerItemProxy */;
		};
		AFA401B7211883F1005AAA2B /* PBXTargetDependency */ = {
			isa = PBXTargetDependency;
			target = AFA40195211883F0005AAA2B /* app */;
			targetProxy = AFA401B6211883F1005AAA2B /* PBXContainerItemProxy */;
		};
/* End PBXTargetDependency section */

/* Begin PBXVariantGroup section */
		AFA4019D211883F0005AAA2B /* Main.storyboard */ = {
			isa = PBXVariantGroup;
			children = (
				AFA4019E211883F0005AAA2B /* Base */,
			);
			name = Main.storyboard;
			sourceTree = "<group>";
		};
		AFA401A2211883F1005AAA2B /* LaunchScreen.storyboard */ = {
			isa = PBXVariantGroup;
			children = (
				AFA401A3211883F1005AAA2B /* Base */,
			);
			name = LaunchScreen.storyboard;
			sourceTree = "<group>";
		};
/* End PBXVariantGroup section */

/* Begin XCBuildConfiguration section */
		AFA401BC211883F1005AAA2B /* Debug */ = {
			isa = XCBuildConfiguration;
			buildSettings = {
				ALWAYS_SEARCH_USER_PATHS = NO;
				CLANG_ANALYZER_NONNULL = YES;
				CLANG_ANALYZER_NUMBER_OBJECT_CONVERSION = YES_AGGRESSIVE;
				CLANG_CXX_LANGUAGE_STANDARD = "gnu++14";
				CLANG_CXX_LIBRARY = "libc++";
				CLANG_ENABLE_MODULES = YES;
				CLANG_ENABLE_OBJC_ARC = YES;
				CLANG_ENABLE_OBJC_WEAK = YES;
				CLANG_WARN_BLOCK_CAPTURE_AUTORELEASING = YES;
				CLANG_WARN_BOOL_CONVERSION = YES;
				CLANG_WARN_COMMA = YES;
				CLANG_WARN_CONSTANT_CONVERSION = YES;
				CLANG_WARN_DEPRECATED_OBJC_IMPLEMENTATIONS = YES;
				CLANG_WARN_DIRECT_OBJC_ISA_USAGE = YES_ERROR;
				CLANG_WARN_DOCUMENTATION_COMMENTS = YES;
				CLANG_WARN_EMPTY_BODY = YES;
				CLANG_WARN_ENUM_CONVERSION = YES;
				CLANG_WARN_INFINITE_RECURSION = YES;
				CLANG_WARN_INT_CONVERSION = YES;
				CLANG_WARN_NON_LITERAL_NULL_CONVERSION = YES;
				CLANG_WARN_OBJC_IMPLICIT_RETAIN_SELF = YES;
				CLANG_WARN_OBJC_LITERAL_CONVERSION = YES;
				CLANG_WARN_OBJC_ROOT_CLASS = YES_ERROR;
				CLANG_WARN_RANGE_LOOP_ANALYSIS = YES;
				CLANG_WARN_STRICT_PROTOTYPES = YES;
				CLANG_WARN_SUSPICIOUS_MOVE = YES;
				CLANG_WARN_UNGUARDED_AVAILABILITY = YES_AGGRESSIVE;
				CLANG_WARN_UNREACHABLE_CODE = YES;
				CLANG_WARN__DUPLICATE_METHOD_MATCH = YES;
				CODE_SIGN_IDENTITY = "iPhone Developer";
				COPY_PHASE_STRIP = NO;
				DEBUG_INFORMATION_FORMAT = dwarf;
				ENABLE_STRICT_OBJC_MSGSEND = YES;
				ENABLE_TESTABILITY = YES;
				GCC_C_LANGUAGE_STANDARD = gnu11;
				GCC_DYNAMIC_NO_PIC = NO;
				GCC_NO_COMMON_BLOCKS = YES;
				GCC_OPTIMIZATION_LEVEL = 0;
				GCC_PREPROCESSOR_DEFINITIONS = (
					"DEBUG=1",
					"$(inherited)",
				);
				GCC_WARN_64_TO_32_BIT_CONVERSION = YES;
				GCC_WARN_ABOUT_RETURN_TYPE = YES_ERROR;
				GCC_WARN_UNDECLARED_SELECTOR = YES;
				GCC_WARN_UNINITIALIZED_AUTOS = YES_AGGRESSIVE;
				GCC_WARN_UNUSED_FUNCTION = YES;
				GCC_WARN_UNUSED_VARIABLE = YES;
				IPHONEOS_DEPLOYMENT_TARGET = 11.4;
				MTL_ENABLE_DEBUG_INFO = YES;
				ONLY_ACTIVE_ARCH = YES;
				SDKROOT = iphoneos;
				SWIFT_ACTIVE_COMPILATION_CONDITIONS = DEBUG;
				SWIFT_OPTIMIZATION_LEVEL = "-Onone";
			};
			name = Debug;
		};
		AFA401BD211883F1005AAA2B /* Release */ = {
			isa = XCBuildConfiguration;
			buildSettings = {
				ALWAYS_SEARCH_USER_PATHS = NO;
				CLANG_ANALYZER_NONNULL = YES;
				CLANG_ANALYZER_NUMBER_OBJECT_CONVERSION = YES_AGGRESSIVE;
				CLANG_CXX_LANGUAGE_STANDARD = "gnu++14";
				CLANG_CXX_LIBRARY = "libc++";
				CLANG_ENABLE_MODULES = YES;
				CLANG_ENABLE_OBJC_ARC = YES;
				CLANG_ENABLE_OBJC_WEAK = YES;
				CLANG_WARN_BLOCK_CAPTURE_AUTORELEASING = YES;
				CLANG_WARN_BOOL_CONVERSION = YES;
				CLANG_WARN_COMMA = YES;
				CLANG_WARN_CONSTANT_CONVERSION = YES;
				CLANG_WARN_DEPRECATED_OBJC_IMPLEMENTATIONS = YES;
				CLANG_WARN_DIRECT_OBJC_ISA_USAGE = YES_ERROR;
				CLANG_WARN_DOCUMENTATION_COMMENTS = YES;
				CLANG_WARN_EMPTY_BODY = YES;
				CLANG_WARN_ENUM_CONVERSION = YES;
				CLANG_WARN_INFINITE_RECURSION = YES;
				CLANG_WARN_INT_CONVERSION = YES;
				CLANG_WARN_NON_LITERAL_NULL_CONVERSION = YES;
				CLANG_WARN_OBJC_IMPLICIT_RETAIN_SELF = YES;
				CLANG_WARN_OBJC_LITERAL_CONVERSION = YES;
				CLANG_WARN_OBJC_ROOT_CLASS = YES_ERROR;
				CLANG_WARN_RANGE_LOOP_ANALYSIS = YES;
				CLANG_WARN_STRICT_PROTOTYPES = YES;
				CLANG_WARN_SUSPICIOUS_MOVE = YES;
				CLANG_WARN_UNGUARDED_AVAILABILITY = YES_AGGRESSIVE;
				CLANG_WARN_UNREACHABLE_CODE = YES;
				CLANG_WARN__DUPLICATE_METHOD_MATCH = YES;
				CODE_SIGN_IDENTITY = "iPhone Developer";
				COPY_PHASE_STRIP = NO;
				DEBUG_INFORMATION_FORMAT = "dwarf-with-dsym";
				ENABLE_NS_ASSERTIONS = NO;
				ENABLE_STRICT_OBJC_MSGSEND = YES;
				GCC_C_LANGUAGE_STANDARD = gnu11;
				GCC_NO_COMMON_BLOCKS = YES;
				GCC_WARN_64_TO_32_BIT_CONVERSION = YES;
				GCC_WARN_ABOUT_RETURN_TYPE = YES_ERROR;
				GCC_WARN_UNDECLARED_SELECTOR = YES;
				GCC_WARN_UNINITIALIZED_AUTOS = YES_AGGRESSIVE;
				GCC_WARN_UNUSED_FUNCTION = YES;
				GCC_WARN_UNUSED_VARIABLE = YES;
				IPHONEOS_DEPLOYMENT_TARGET = 11.4;
				MTL_ENABLE_DEBUG_INFO = NO;
				SDKROOT = iphoneos;
				SWIFT_COMPILATION_MODE = wholemodule;
				SWIFT_OPTIMIZATION_LEVEL = "-O";
				VALIDATE_PRODUCT = YES;
			};
			name = Release;
		};
		AFA401BF211883F1005AAA2B /* Debug */ = {
			isa = XCBuildConfiguration;
			buildSettings = {
				ASSETCATALOG_COMPILER_APPICON_NAME = AppIcon;
				CODE_SIGN_STYLE = Automatic;
				INFOPLIST_FILE = app/Info.plist;
				LD_RUNPATH_SEARCH_PATHS = (
					"$(inherited)",
					"@executable_path/Frameworks",
				);
				PRODUCT_BUNDLE_IDENTIFIER = me.yagisuke.app;
				PRODUCT_NAME = "$(TARGET_NAME)";
				SWIFT_VERSION = 4.0;
				TARGETED_DEVICE_FAMILY = "1,2";
			};
			name = Debug;
		};
		AFA401C0211883F1005AAA2B /* Release */ = {
			isa = XCBuildConfiguration;
			buildSettings = {
				ASSETCATALOG_COMPILER_APPICON_NAME = AppIcon;
				CODE_SIGN_STYLE = Automatic;
				INFOPLIST_FILE = app/Info.plist;
				LD_RUNPATH_SEARCH_PATHS = (
					"$(inherited)",
					"@executable_path/Frameworks",
				);
				PRODUCT_BUNDLE_IDENTIFIER = me.yagisuke.app;
				PRODUCT_NAME = "$(TARGET_NAME)";
				SWIFT_VERSION = 4.0;
				TARGETED_DEVICE_FAMILY = "1,2";
			};
			name = Release;
		};
		AFA401C2211883F1005AAA2B /* Debug */ = {
			isa = XCBuildConfiguration;
			buildSettings = {
				ALWAYS_EMBED_SWIFT_STANDARD_LIBRARIES = YES;
				BUNDLE_LOADER = "$(TEST_HOST)";
				CODE_SIGN_STYLE = Automatic;
				INFOPLIST_FILE = appTests/Info.plist;
				LD_RUNPATH_SEARCH_PATHS = (
					"$(inherited)",
					"@executable_path/Frameworks",
					"@loader_path/Frameworks",
				);
				PRODUCT_BUNDLE_IDENTIFIER = me.yagisuke.appTests;
				PRODUCT_NAME = "$(TARGET_NAME)";
				SWIFT_VERSION = 4.0;
				TARGETED_DEVICE_FAMILY = "1,2";
				TEST_HOST = "$(BUILT_PRODUCTS_DIR)/app.app/app";
			};
			name = Debug;
		};
		AFA401C3211883F1005AAA2B /* Release */ = {
			isa = XCBuildConfiguration;
			buildSettings = {
				ALWAYS_EMBED_SWIFT_STANDARD_LIBRARIES = YES;
				BUNDLE_LOADER = "$(TEST_HOST)";
				CODE_SIGN_STYLE = Automatic;
				INFOPLIST_FILE = appTests/Info.plist;
				LD_RUNPATH_SEARCH_PATHS = (
					"$(inherited)",
					"@executable_path/Frameworks",
					"@loader_path/Frameworks",
				);
				PRODUCT_BUNDLE_IDENTIFIER = me.yagisuke.appTests;
				PRODUCT_NAME = "$(TARGET_NAME)";
				SWIFT_VERSION = 4.0;
				TARGETED_DEVICE_FAMILY = "1,2";
				TEST_HOST = "$(BUILT_PRODUCTS_DIR)/app.app/app";
			};
			name = Release;
		};
		AFA401C5211883F1005AAA2B /* Debug */ = {
			isa = XCBuildConfiguration;
			buildSettings = {
				ALWAYS_EMBED_SWIFT_STANDARD_LIBRARIES = YES;
				CODE_SIGN_STYLE = Automatic;
				INFOPLIST_FILE = appUITests/Info.plist;
				LD_RUNPATH_SEARCH_PATHS = (
					"$(inherited)",
					"@executable_path/Frameworks",
					"@loader_path/Frameworks",
				);
				PRODUCT_BUNDLE_IDENTIFIER = me.yagisuke.appUITests;
				PRODUCT_NAME = "$(TARGET_NAME)";
				SWIFT_VERSION = 4.0;
				TARGETED_DEVICE_FAMILY = "1,2";
				TEST_TARGET_NAME = app;
			};
			name = Debug;
		};
		AFA401C6211883F1005AAA2B /* Release */ = {
			isa = XCBuildConfiguration;
			buildSettings = {
				ALWAYS_EMBED_SWIFT_STANDARD_LIBRARIES = YES;
				CODE_SIGN_STYLE = Automatic;
				INFOPLIST_FILE = appUITests/Info.plist;
				LD_RUNPATH_SEARCH_PATHS = (
					"$(inherited)",
					"@executable_path/Frameworks",
					"@loader_path/Frameworks",
				);
				PRODUCT_BUNDLE_IDENTIFIER = me.yagisuke.appUITests;
				PRODUCT_NAME = "$(TARGET_NAME)";
				SWIFT_VERSION = 4.0;
				TARGETED_DEVICE_FAMILY = "1,2";
				TEST_TARGET_NAME = app;
			};
			name = Release;
		};
/* End XCBuildConfiguration section */

/* Begin XCConfigurationList section */
		AFA40191211883F0005AAA2B /* Build configuration list for PBXProject "app" */ = {
			isa = XCConfigurationList;
			buildConfigurations = (
				AFA401BC211883F1005AAA2B /* Debug */,
				AFA401BD211883F1005AAA2B /* Release */,
			);
			defaultConfigurationIsVisible = 0;
			defaultConfigurationName = Release;
		};
		AFA401BE211883F1005AAA2B /* Build configuration list for PBXNativeTarget "app" */ = {
			isa = XCConfigurationList;
			buildConfigurations = (
				AFA401BF211883F1005AAA2B /* Debug */,
				AFA401C0211883F1005AAA2B /* Release */,
			);
			defaultConfigurationIsVisible = 0;
			defaultConfigurationName = Release;
		};
		AFA401C1211883F1005AAA2B /* Build configuration list for PBXNativeTarget "appTests" */ = {
			isa = XCConfigurationList;
			buildConfigurations = (
				AFA401C2211883F1005AAA2B /* Debug */,
				AFA401C3211883F1005AAA2B /* Release */,
			);
			defaultConfigurationIsVisible = 0;
			defaultConfigurationName = Release;
		};
		AFA401C4211883F1005AAA2B /* Build configuration list for PBXNativeTarget "appUITests" */ = {
			isa = XCConfigurationList;
			buildConfigurations = (
				AFA401C5211883F1005AAA2B /* Debug */,
				AFA401C6211883F1005AAA2B /* Release */,
			);
			defaultConfigurationIsVisible = 0;
			defaultConfigurationName = Release;
		};
/* End XCConfigurationList section */
	};
	rootObject = AFA4018E211883F0005AAA2B /* Project object */;
}
